// !$*UTF8*$!
{
	archiveVersion = 1;
	classes = {
	};
	objectVersion = 48;
	objects = {

/* Begin PBXBuildFile section */
		6DEAAAE61FBAD68A004ADD84 /* AppDelegate.swift in Sources */ = {isa = PBXBuildFile; fileRef = 6DEAAAE51FBAD68A004ADD84 /* AppDelegate.swift */; };
		6DEAAAE81FBAD68A004ADD84 /* ViewController.swift in Sources */ = {isa = PBXBuildFile; fileRef = 6DEAAAE71FBAD68A004ADD84 /* ViewController.swift */; };
		6DEAAAEB1FBAD68A004ADD84 /* Main.storyboard in Resources */ = {isa = PBXBuildFile; fileRef = 6DEAAAE91FBAD68A004ADD84 /* Main.storyboard */; };
		6DEAAAED1FBAD68A004ADD84 /* Assets.xcassets in Resources */ = {isa = PBXBuildFile; fileRef = 6DEAAAEC1FBAD68A004ADD84 /* Assets.xcassets */; };
		6DEAAAF01FBAD68A004ADD84 /* LaunchScreen.storyboard in Resources */ = {isa = PBXBuildFile; fileRef = 6DEAAAEE1FBAD68A004ADD84 /* LaunchScreen.storyboard */; };
/* End PBXBuildFile section */

/* Begin PBXFileReference section */
		6DEAAAE21FBAD68A004ADD84 /* iPhoneXLockHomeIndicator.app */ = {isa = PBXFileReference; explicitFileType = wrapper.application; includeInIndex = 0; path = iPhoneXLockHomeIndicator.app; sourceTree = BUILT_PRODUCTS_DIR; };
		6DEAAAE51FBAD68A004ADD84 /* AppDelegate.swift */ = {isa = PBXFileReference; lastKnownFileType = sourcecode.swift; path = AppDelegate.swift; sourceTree = "<group>"; };
		6DEAAAE71FBAD68A004ADD84 /* ViewController.swift */ = {isa = PBXFileReference; lastKnownFileType = sourcecode.swift; path = ViewController.swift; sourceTree = "<group>"; };
		6DEAAAEA1FBAD68A004ADD84 /* Base */ = {isa = PBXFileReference; lastKnownFileType = file.storyboard; name = Base; path = Base.lproj/Main.storyboard; sourceTree = "<group>"; };
		6DEAAAEC1FBAD68A004ADD84 /* Assets.xcassets */ = {isa = PBXFileReference; lastKnownFileType = folder.assetcatalog; path = Assets.xcassets; sourceTree = "<group>"; };
		6DEAAAEF1FBAD68A004ADD84 /* Base */ = {isa = PBXFileReference; lastKnownFileType = file.storyboard; name = Base; path = Base.lproj/LaunchScreen.storyboard; sourceTree = "<group>"; };
		6DEAAAF11FBAD68A004ADD84 /* Info.plist */ = {isa = PBXFileReference; lastKnownFileType = text.plist.xml; path = Info.plist; sourceTree = "<group>"; };
/* End PBXFileReference section */

/* Begin PBXFrameworksBuildPhase section */
		6DEAAADF1FBAD68A004ADD84 /* Frameworks */ = {
			isa = PBXFrameworksBuildPhase;
			buildActionMask = 2147483647;
			files = (
			);
			runOnlyForDeploymentPostprocessing = 0;
		};
/* End PBXFrameworksBuildPhase section */

/* Begin PBXGroup section */
		6DEAAAD91FBAD68A004ADD84 = {
			isa = PBXGroup;
			children = (
				6DEAAAE41FBAD68A004ADD84 /* iPhoneXLockHomeIndicator */,
				6DEAAAE31FBAD68A004ADD84 /* Products */,
			);
			sourceTree = "<group>";
		};
		6DEAAAE31FBAD68A004ADD84 /* Products */ = {
			isa = PBXGroup;
			children = (
				6DEAAAE21FBAD68A004ADD84 /* iPhoneXLockHomeIndicator.app */,
			);
			name = Products;
			sourceTree = "<group>";
		};
		6DEAAAE41FBAD68A004ADD84 /* iPhoneXLockHomeIndicator */ = {
			isa = PBXGroup;
			children = (
				6DEAAAE51FBAD68A004ADD84 /* AppDelegate.swift */,
				6DEAAAE71FBAD68A004ADD84 /* ViewController.swift */,
				6DEAAAE91FBAD68A004ADD84 /* Main.storyboard */,
				6DEAAAEC1FBAD68A004ADD84 /* Assets.xcassets */,
				6DEAAAEE1FBAD68A004ADD84 /* LaunchScreen.storyboard */,
				6DEAAAF11FBAD68A004ADD84 /* Info.plist */,
			);
			path = iPhoneXLockHomeIndicator;
			sourceTree = "<group>";
		};
/* End PBXGroup section */

/* Begin PBXNativeTarget section */
		6DEAAAE11FBAD68A004ADD84 /* iPhoneXLockHomeIndicator */ = {
			isa = PBXNativeTarget;
			buildConfigurationList = 6DEAAAF41FBAD68A004ADD84 /* Build configuration list for PBXNativeTarget "iPhoneXLockHomeIndicator" */;
			buildPhases = (
				6DEAAADE1FBAD68A004ADD84 /* Sources */,
				6DEAAADF1FBAD68A004ADD84 /* Frameworks */,
				6DEAAAE01FBAD68A004ADD84 /* Resources */,
			);
			buildRules = (
			);
			dependencies = (
			);
			name = iPhoneXLockHomeIndicator;
			productName = iPhoneXLockHomeIndicator;
			productReference = 6DEAAAE21FBAD68A004ADD84 /* iPhoneXLockHomeIndicator.app */;
			productType = "com.apple.product-type.application";
		};
/* End PBXNativeTarget section */

/* Begin PBXProject section */
		6DEAAADA1FBAD68A004ADD84 /* Project object */ = {
			isa = PBXProject;
			attributes = {
				LastSwiftUpdateCheck = 0910;
				LastUpgradeCheck = 0910;
				ORGANIZATIONNAME = "Cao, Jiannan";
				TargetAttributes = {
					6DEAAAE11FBAD68A004ADD84 = {
						CreatedOnToolsVersion = 9.1;
						ProvisioningStyle = Automatic;
					};
				};
			};
			buildConfigurationList = 6DEAAADD1FBAD68A004ADD84 /* Build configuration list for PBXProject "iPhoneXLockHomeIndicator" */;
			compatibilityVersion = "Xcode 8.0";
			developmentRegion = en;
			hasScannedForEncodings = 0;
			knownRegions = (
				en,
				Base,
			);
			mainGroup = 6DEAAAD91FBAD68A004ADD84;
			productRefGroup = 6DEAAAE31FBAD68A004ADD84 /* Products */;
			projectDirPath = "";
			projectRoot = "";
			targets = (
				6DEAAAE11FBAD68A004ADD84 /* iPhoneXLockHomeIndicator */,
			);
		};
/* End PBXProject section */

/* Begin PBXResourcesBuildPhase section */
		6DEAAAE01FBAD68A004ADD84 /* Resources */ = {
			isa = PBXResourcesBuildPhase;
			buildActionMask = 2147483647;
			files = (
				6DEAAAF01FBAD68A004ADD84 /* LaunchScreen.storyboard in Resources */,
				6DEAAAED1FBAD68A004ADD84 /* Assets.xcassets in Resources */,
				6DEAAAEB1FBAD68A004ADD84 /* Main.storyboard in Resources */,
			);
			runOnlyForDeploymentPostprocessing = 0;
		};
/* End PBXResourcesBuildPhase section */

/* Begin PBXSourcesBuildPhase section */
		6DEAAADE1FBAD68A004ADD84 /* Sources */ = {
			isa = PBXSourcesBuildPhase;
			buildActionMask = 2147483647;
			files = (
				6DEAAAE81FBAD68A004ADD84 /* ViewController.swift in Sources */,
				6DEAAAE61FBAD68A004ADD84 /* AppDelegate.swift in Sources */,
			);
			runOnlyForDeploymentPostprocessing = 0;
		};
/* End PBXSourcesBuildPhase section */

/* Begin PBXVariantGroup section */
		6DEAAAE91FBAD68A004ADD84 /* Main.storyboard */ = {
			isa = PBXVariantGroup;
			children = (
				6DEAAAEA1FBAD68A004ADD84 /* Base */,
			);
			name = Main.storyboard;
			sourceTree = "<group>";
		};
		6DEAAAEE1FBAD68A004ADD84 /* LaunchScreen.storyboard */ = {
			isa = PBXVariantGroup;
			children = (
				6DEAAAEF1FBAD68A004ADD84 /* Base */,
			);
			name = LaunchScreen.storyboard;
			sourceTree = "<group>";
		};
/* End PBXVariantGroup section */

/* Begin XCBuildConfiguration section */
		6DEAAAF21FBAD68A004ADD84 /* Debug */ = {
			isa = XCBuildConfiguration;
			buildSettings = {
				ALWAYS_SEARCH_USER_PATHS = NO;
				CLANG_ANALYZER_NONNULL = YES;
				CLANG_ANALYZER_NUMBER_OBJECT_CONVERSION = YES_AGGRESSIVE;
				CLANG_CXX_LANGUAGE_STANDARD = "gnu++14";
				CLANG_CXX_LIBRARY = "libc++";
				CLANG_ENABLE_MODULES = YES;
				CLANG_ENABLE_OBJC_ARC = YES;
				CLANG_WARN_BLOCK_CAPTURE_AUTORELEASING = YES;
				CLANG_WARN_BOOL_CONVERSION = YES;
				CLANG_WARN_COMMA = YES;
				CLANG_WARN_CONSTANT_CONVERSION = YES;
				CLANG_WARN_DIRECT_OBJC_ISA_USAGE = YES_ERROR;
				CLANG_WARN_DOCUMENTATION_COMMENTS = YES;
				CLANG_WARN_EMPTY_BODY = YES;
				CLANG_WARN_ENUM_CONVERSION = YES;
				CLANG_WARN_INFINITE_RECURSION = YES;
				CLANG_WARN_INT_CONVERSION = YES;
				CLANG_WARN_NON_LITERAL_NULL_CONVERSION = YES;
				CLANG_WARN_OBJC_LITERAL_CONVERSION = YES;
				CLANG_WARN_OBJC_ROOT_CLASS = YES_ERROR;
				CLANG_WARN_RANGE_LOOP_ANALYSIS = YES;
				CLANG_WARN_STRICT_PROTOTYPES = YES;
				CLANG_WARN_SUSPICIOUS_MOVE = YES;
				CLANG_WARN_UNGUARDED_AVAILABILITY = YES_AGGRESSIVE;
				CLANG_WARN_UNREACHABLE_CODE = YES;
				CLANG_WARN__DUPLICATE_METHOD_MATCH = YES;
				CODE_SIGN_IDENTITY = "iPhone Developer";
				COPY_PHASE_STRIP = NO;
				DEBUG_INFORMATION_FORMAT = dwarf;
				ENABLE_STRICT_OBJC_MSGSEND = YES;
				ENABLE_TESTABILITY = YES;
				GCC_C_LANGUAGE_STANDARD = gnu11;
				GCC_DYNAMIC_NO_PIC = NO;
				GCC_NO_COMMON_BLOCKS = YES;
				GCC_OPTIMIZATION_LEVEL = 0;
				GCC_PREPROCESSOR_DEFINITIONS = (
					"DEBUG=1",
					"$(inherited)",
				);
				GCC_WARN_64_TO_32_BIT_CONVERSION = YES;
				GCC_WARN_ABOUT_RETURN_TYPE = YES_ERROR;
				GCC_WARN_UNDECLARED_SELECTOR = YES;
				GCC_WARN_UNINITIALIZED_AUTOS = YES_AGGRESSIVE;
				GCC_WARN_UNUSED_FUNCTION = YES;
				GCC_WARN_UNUSED_VARIABLE = YES;
				IPHONEOS_DEPLOYMENT_TARGET = 11.1;
				MTL_ENABLE_DEBUG_INFO = YES;
				ONLY_ACTIVE_ARCH = YES;
				SDKROOT = iphoneos;
				SWIFT_ACTIVE_COMPILATION_CONDITIONS = DEBUG;
				SWIFT_OPTIMIZATION_LEVEL = "-Onone";
			};
			name = Debug;
		};
		6DEAAAF31FBAD68A004ADD84 /* Release */ = {
			isa = XCBuildConfiguration;
			buildSettings = {
				ALWAYS_SEARCH_USER_PATHS = NO;
				CLANG_ANALYZER_NONNULL = YES;
				CLANG_ANALYZER_NUMBER_OBJECT_CONVERSION = YES_AGGRESSIVE;
				CLANG_CXX_LANGUAGE_STANDARD = "gnu++14";
				CLANG_CXX_LIBRARY = "libc++";
				CLANG_ENABLE_MODULES = YES;
				CLANG_ENABLE_OBJC_ARC = YES;
				CLANG_WARN_BLOCK_CAPTURE_AUTORELEASING = YES;
				CLANG_WARN_BOOL_CONVERSION = YES;
				CLANG_WARN_COMMA = YES;
				CLANG_WARN_CONSTANT_CONVERSION = YES;
				CLANG_WARN_DIRECT_OBJC_ISA_USAGE = YES_ERROR;
				CLANG_WARN_DOCUMENTATION_COMMENTS = YES;
				CLANG_WARN_EMPTY_BODY = YES;
				CLANG_WARN_ENUM_CONVERSION = YES;
				CLANG_WARN_INFINITE_RECURSION = YES;
				CLANG_WARN_INT_CONVERSION = YES;
				CLANG_WARN_NON_LITERAL_NULL_CONVERSION = YES;
				CLANG_WARN_OBJC_LITERAL_CONVERSION = YES;
				CLANG_WARN_OBJC_ROOT_CLASS = YES_ERROR;
				CLANG_WARN_RANGE_LOOP_ANALYSIS = YES;
				CLANG_WARN_STRICT_PROTOTYPES = YES;
				CLANG_WARN_SUSPICIOUS_MOVE = YES;
				CLANG_WARN_UNGUARDED_AVAILABILITY = YES_AGGRESSIVE;
				CLANG_WARN_UNREACHABLE_CODE = YES;
				CLANG_WARN__DUPLICATE_METHOD_MATCH = YES;
				CODE_SIGN_IDENTITY = "iPhone Developer";
				COPY_PHASE_STRIP = NO;
				DEBUG_INFORMATION_FORMAT = "dwarf-with-dsym";
				ENABLE_NS_ASSERTIONS = NO;
				ENABLE_STRICT_OBJC_MSGSEND = YES;
				GCC_C_LANGUAGE_STANDARD = gnu11;
				GCC_NO_COMMON_BLOCKS = YES;
				GCC_WARN_64_TO_32_BIT_CONVERSION = YES;
				GCC_WARN_ABOUT_RETURN_TYPE = YES_ERROR;
				GCC_WARN_UNDECLARED_SELECTOR = YES;
				GCC_WARN_UNINITIALIZED_AUTOS = YES_AGGRESSIVE;
				GCC_WARN_UNUSED_FUNCTION = YES;
				GCC_WARN_UNUSED_VARIABLE = YES;
				IPHONEOS_DEPLOYMENT_TARGET = 11.1;
				MTL_ENABLE_DEBUG_INFO = NO;
				SDKROOT = iphoneos;
				SWIFT_OPTIMIZATION_LEVEL = "-Owholemodule";
				VALIDATE_PRODUCT = YES;
			};
			name = Release;
		};
		6DEAAAF51FBAD68A004ADD84 /* Debug */ = {
			isa = XCBuildConfiguration;
			buildSettings = {
				ASSETCATALOG_COMPILER_APPICON_NAME = AppIcon;
				CODE_SIGN_STYLE = Automatic;
				DEVELOPMENT_TEAM = ED72FQVT6C;
				INFOPLIST_FILE = iPhoneXLockHomeIndicator/Info.plist;
				LD_RUNPATH_SEARCH_PATHS = "$(inherited) @executable_path/Frameworks";
				PRODUCT_BUNDLE_IDENTIFIER = org.frogcjn.iPhoneXLockHomeIndicator;
				PRODUCT_NAME = "$(TARGET_NAME)";
				SWIFT_VERSION = 4.0;
				TARGETED_DEVICE_FAMILY = "1,2";
			};
			name = Debug;
		};
		6DEAAAF61FBAD68A004ADD84 /* Release */ = {
			isa = XCBuildConfiguration;
			buildSettings = {
				ASSETCATALOG_COMPILER_APPICON_NAME = AppIcon;
				CODE_SIGN_STYLE = Automatic;
				DEVELOPMENT_TEAM = ED72FQVT6C;
				INFOPLIST_FILE = iPhoneXLockHomeIndicator/Info.plist;
				LD_RUNPATH_SEARCH_PATHS = "$(inherited) @executable_path/Frameworks";
				PRODUCT_BUNDLE_IDENTIFIER = org.frogcjn.iPhoneXLockHomeIndicator;
				PRODUCT_NAME = "$(TARGET_NAME)";
				SWIFT_VERSION = 4.0;
				TARGETED_DEVICE_FAMILY = "1,2";
			};
			name = Release;
		};
/* End XCBuildConfiguration section */

/* Begin XCConfigurationList section */
		6DEAAADD1FBAD68A004ADD84 /* Build configuration list for PBXProject "iPhoneXLockHomeIndicator" */ = {
			isa = XCConfigurationList;
			buildConfigurations = (
				6DEAAAF21FBAD68A004ADD84 /* Debug */,
				6DEAAAF31FBAD68A004ADD84 /* Release */,
			);
			defaultConfigurationIsVisible = 0;
			defaultConfigurationName = Release;
		};
		6DEAAAF41FBAD68A004ADD84 /* Build configuration list for PBXNativeTarget "iPhoneXLockHomeIndicator" */ = {
			isa = XCConfigurationList;
			buildConfigurations = (
				6DEAAAF51FBAD68A004ADD84 /* Debug */,
				6DEAAAF61FBAD68A004ADD84 /* Release */,
			);
			defaultConfigurationIsVisible = 0;
			defaultConfigurationName = Release;
		};
/* End XCConfigurationList section */
	};
	rootObject = 6DEAAADA1FBAD68A004ADD84 /* Project object */;
}
